# This file is automatically @generated by Cargo.
# It is not intended for manual editing.
version = 3

[[package]]
name = "array2d"
version = "0.3.0"
source = "registry+https://github.com/rust-lang/crates.io-index"
checksum = "79093d31d0a9c7832c71ad74dd945b7861f721e6f242aa67be253a5eecbac937"

[[package]]
name = "linked-hash-map"
version = "0.5.6"
source = "registry+https://github.com/rust-lang/crates.io-index"
checksum = "0717cef1bc8b636c6e1c1bbdefc09e6322da8a9321966e8928ef80d20f7f770f"

[[package]]
name = "linked_hash_set"
version = "0.1.4"
source = "registry+https://github.com/rust-lang/crates.io-index"
checksum = "47186c6da4d81ca383c7c47c1bfc80f4b95f4720514d860a5407aaf4233f9588"
dependencies = [
 "linked-hash-map",
]

[[package]]
name = "rusting-puzzle"
version = "0.1.0"
dependencies = [
 "array2d",
 "linked_hash_set",
]
